// !$*UTF8*$!
{
	archiveVersion = 1;
	classes = {
	};
	objectVersion = 46;
	objects = {

/* Begin PBXBuildFile section */
		D750EFAA1C9BF25C0097441A /* AppDelegate.swift in Sources */ = {isa = PBXBuildFile; fileRef = D750EFA91C9BF25C0097441A /* AppDelegate.swift */; };
		D750EFAC1C9BF25D0097441A /* ViewController.swift in Sources */ = {isa = PBXBuildFile; fileRef = D750EFAB1C9BF25D0097441A /* ViewController.swift */; };
		D750EFAF1C9BF25D0097441A /* Main.storyboard in Resources */ = {isa = PBXBuildFile; fileRef = D750EFAD1C9BF25D0097441A /* Main.storyboard */; };
		D750EFB11C9BF25D0097441A /* Assets.xcassets in Resources */ = {isa = PBXBuildFile; fileRef = D750EFB01C9BF25D0097441A /* Assets.xcassets */; };
		D750EFB41C9BF25D0097441A /* LaunchScreen.storyboard in Resources */ = {isa = PBXBuildFile; fileRef = D750EFB21C9BF25D0097441A /* LaunchScreen.storyboard */; };
/* End PBXBuildFile section */

/* Begin PBXFileReference section */
		D750EFA61C9BF25C0097441A /* SwiftTemplateProject.app */ = {isa = PBXFileReference; explicitFileType = wrapper.application; includeInIndex = 0; path = SwiftTemplateProject.app; sourceTree = BUILT_PRODUCTS_DIR; };
		D750EFA91C9BF25C0097441A /* AppDelegate.swift */ = {isa = PBXFileReference; lastKnownFileType = sourcecode.swift; path = AppDelegate.swift; sourceTree = "<group>"; };
		D750EFAB1C9BF25D0097441A /* ViewController.swift */ = {isa = PBXFileReference; lastKnownFileType = sourcecode.swift; path = ViewController.swift; sourceTree = "<group>"; };
		D750EFAE1C9BF25D0097441A /* Base */ = {isa = PBXFileReference; lastKnownFileType = file.storyboard; name = Base; path = Base.lproj/Main.storyboard; sourceTree = "<group>"; };
		D750EFB01C9BF25D0097441A /* Assets.xcassets */ = {isa = PBXFileReference; lastKnownFileType = folder.assetcatalog; path = Assets.xcassets; sourceTree = "<group>"; };
		D750EFB31C9BF25D0097441A /* Base */ = {isa = PBXFileReference; lastKnownFileType = file.storyboard; name = Base; path = Base.lproj/LaunchScreen.storyboard; sourceTree = "<group>"; };
		D750EFB51C9BF25D0097441A /* Info.plist */ = {isa = PBXFileReference; lastKnownFileType = text.plist.xml; path = Info.plist; sourceTree = "<group>"; };
/* End PBXFileReference section */

/* Begin PBXFrameworksBuildPhase section */
		D750EFA31C9BF25C0097441A /* Frameworks */ = {
			isa = PBXFrameworksBuildPhase;
			buildActionMask = 2147483647;
			files = (
			);
			runOnlyForDeploymentPostprocessing = 0;
		};
/* End PBXFrameworksBuildPhase section */

/* Begin PBXGroup section */
		D750EF9D1C9BF25C0097441A = {
			isa = PBXGroup;
			children = (
				D750EFA81C9BF25C0097441A /* SwiftTemplateProject */,
				D750EFA71C9BF25C0097441A /* Products */,
			);
			sourceTree = "<group>";
		};
		D750EFA71C9BF25C0097441A /* Products */ = {
			isa = PBXGroup;
			children = (
				D750EFA61C9BF25C0097441A /* SwiftTemplateProject.app */,
			);
			name = Products;
			sourceTree = "<group>";
		};
		D750EFA81C9BF25C0097441A /* SwiftTemplateProject */ = {
			isa = PBXGroup;
			children = (
				D750EFA91C9BF25C0097441A /* AppDelegate.swift */,
				D750EFAB1C9BF25D0097441A /* ViewController.swift */,
				D750EFAD1C9BF25D0097441A /* Main.storyboard */,
				D750EFB01C9BF25D0097441A /* Assets.xcassets */,
				D750EFB21C9BF25D0097441A /* LaunchScreen.storyboard */,
				D750EFB51C9BF25D0097441A /* Info.plist */,
			);
			path = SwiftTemplateProject;
			sourceTree = "<group>";
		};
/* End PBXGroup section */

/* Begin PBXNativeTarget section */
		D750EFA51C9BF25C0097441A /* SwiftTemplateProject */ = {
			isa = PBXNativeTarget;
			buildConfigurationList = D750EFB81C9BF25D0097441A /* Build configuration list for PBXNativeTarget "SwiftTemplateProject" */;
			buildPhases = (
				D750EFA21C9BF25C0097441A /* Sources */,
				D750EFA31C9BF25C0097441A /* Frameworks */,
				D750EFA41C9BF25C0097441A /* Resources */,
			);
			buildRules = (
			);
			dependencies = (
			);
			name = SwiftTemplateProject;
			productName = SwiftTemplateProject;
			productReference = D750EFA61C9BF25C0097441A /* SwiftTemplateProject.app */;
			productType = "com.apple.product-type.application";
		};
/* End PBXNativeTarget section */

/* Begin PBXProject section */
		D750EF9E1C9BF25C0097441A /* Project object */ = {
			isa = PBXProject;
			attributes = {
				LastSwiftUpdateCheck = 0720;
				LastUpgradeCheck = 0720;
				ORGANIZATIONNAME = "Alessandro Perna";
				TargetAttributes = {
					D750EFA51C9BF25C0097441A = {
						CreatedOnToolsVersion = 7.2.1;
					};
				};
			};
			buildConfigurationList = D750EFA11C9BF25C0097441A /* Build configuration list for PBXProject "SwiftTemplateProject" */;
			compatibilityVersion = "Xcode 3.2";
			developmentRegion = English;
			hasScannedForEncodings = 0;
			knownRegions = (
				en,
				Base,
			);
			mainGroup = D750EF9D1C9BF25C0097441A;
			productRefGroup = D750EFA71C9BF25C0097441A /* Products */;
			projectDirPath = "";
			projectRoot = "";
			targets = (
				D750EFA51C9BF25C0097441A /* SwiftTemplateProject */,
			);
		};
/* End PBXProject section */

/* Begin PBXResourcesBuildPhase section */
		D750EFA41C9BF25C0097441A /* Resources */ = {
			isa = PBXResourcesBuildPhase;
			buildActionMask = 2147483647;
			files = (
				D750EFB41C9BF25D0097441A /* LaunchScreen.storyboard in Resources */,
				D750EFB11C9BF25D0097441A /* Assets.xcassets in Resources */,
				D750EFAF1C9BF25D0097441A /* Main.storyboard in Resources */,
			);
			runOnlyForDeploymentPostprocessing = 0;
		};
/* End PBXResourcesBuildPhase section */

/* Begin PBXSourcesBuildPhase section */
		D750EFA21C9BF25C0097441A /* Sources */ = {
			isa = PBXSourcesBuildPhase;
			buildActionMask = 2147483647;
			files = (
				D750EFAC1C9BF25D0097441A /* ViewController.swift in Sources */,
				D750EFAA1C9BF25C0097441A /* AppDelegate.swift in Sources */,
			);
			runOnlyForDeploymentPostprocessing = 0;
		};
/* End PBXSourcesBuildPhase section */

/* Begin PBXVariantGroup section */
		D750EFAD1C9BF25D0097441A /* Main.storyboard */ = {
			isa = PBXVariantGroup;
			children = (
				D750EFAE1C9BF25D0097441A /* Base */,
			);
			name = Main.storyboard;
			sourceTree = "<group>";
		};
		D750EFB21C9BF25D0097441A /* LaunchScreen.storyboard */ = {
			isa = PBXVariantGroup;
			children = (
				D750EFB31C9BF25D0097441A /* Base */,
			);
			name = LaunchScreen.storyboard;
			sourceTree = "<group>";
		};
/* End PBXVariantGroup section */

/* Begin XCBuildConfiguration section */
		D750EFB61C9BF25D0097441A /* Debug */ = {
			isa = XCBuildConfiguration;
			buildSettings = {
				ALWAYS_SEARCH_USER_PATHS = NO;
				CLANG_CXX_LANGUAGE_STANDARD = "gnu++0x";
				CLANG_CXX_LIBRARY = "libc++";
				CLANG_ENABLE_MODULES = YES;
				CLANG_ENABLE_OBJC_ARC = YES;
				CLANG_WARN_BOOL_CONVERSION = YES;
				CLANG_WARN_CONSTANT_CONVERSION = YES;
				CLANG_WARN_DIRECT_OBJC_ISA_USAGE = YES_ERROR;
				CLANG_WARN_EMPTY_BODY = YES;
				CLANG_WARN_ENUM_CONVERSION = YES;
				CLANG_WARN_INT_CONVERSION = YES;
				CLANG_WARN_OBJC_ROOT_CLASS = YES_ERROR;
				CLANG_WARN_UNREACHABLE_CODE = YES;
				CLANG_WARN__DUPLICATE_METHOD_MATCH = YES;
				"CODE_SIGN_IDENTITY[sdk=iphoneos*]" = "iPhone Developer";
				COPY_PHASE_STRIP = NO;
				DEBUG_INFORMATION_FORMAT = dwarf;
				ENABLE_STRICT_OBJC_MSGSEND = YES;
				ENABLE_TESTABILITY = YES;
				GCC_C_LANGUAGE_STANDARD = gnu99;
				GCC_DYNAMIC_NO_PIC = NO;
				GCC_NO_COMMON_BLOCKS = YES;
				GCC_OPTIMIZATION_LEVEL = 0;
				GCC_PREPROCESSOR_DEFINITIONS = (
					"DEBUG=1",
					"$(inherited)",
				);
				GCC_WARN_64_TO_32_BIT_CONVERSION = YES;
				GCC_WARN_ABOUT_RETURN_TYPE = YES_ERROR;
				GCC_WARN_UNDECLARED_SELECTOR = YES;
				GCC_WARN_UNINITIALIZED_AUTOS = YES_AGGRESSIVE;
				GCC_WARN_UNUSED_FUNCTION = YES;
				GCC_WARN_UNUSED_VARIABLE = YES;
				IPHONEOS_DEPLOYMENT_TARGET = 9.2;
				MTL_ENABLE_DEBUG_INFO = YES;
				ONLY_ACTIVE_ARCH = YES;
				SDKROOT = iphoneos;
				SWIFT_OPTIMIZATION_LEVEL = "-Onone";
				TARGETED_DEVICE_FAMILY = "1,2";
			};
			name = Debug;
		};
		D750EFB71C9BF25D0097441A /* Release */ = {
			isa = XCBuildConfiguration;
			buildSettings = {
				ALWAYS_SEARCH_USER_PATHS = NO;
				CLANG_CXX_LANGUAGE_STANDARD = "gnu++0x";
				CLANG_CXX_LIBRARY = "libc++";
				CLANG_ENABLE_MODULES = YES;
				CLANG_ENABLE_OBJC_ARC = YES;
				CLANG_WARN_BOOL_CONVERSION = YES;
				CLANG_WARN_CONSTANT_CONVERSION = YES;
				CLANG_WARN_DIRECT_OBJC_ISA_USAGE = YES_ERROR;
				CLANG_WARN_EMPTY_BODY = YES;
				CLANG_WARN_ENUM_CONVERSION = YES;
				CLANG_WARN_INT_CONVERSION = YES;
				CLANG_WARN_OBJC_ROOT_CLASS = YES_ERROR;
				CLANG_WARN_UNREACHABLE_CODE = YES;
				CLANG_WARN__DUPLICATE_METHOD_MATCH = YES;
				"CODE_SIGN_IDENTITY[sdk=iphoneos*]" = "iPhone Developer";
				COPY_PHASE_STRIP = NO;
				DEBUG_INFORMATION_FORMAT = "dwarf-with-dsym";
				ENABLE_NS_ASSERTIONS = NO;
				ENABLE_STRICT_OBJC_MSGSEND = YES;
				GCC_C_LANGUAGE_STANDARD = gnu99;
				GCC_NO_COMMON_BLOCKS = YES;
				GCC_WARN_64_TO_32_BIT_CONVERSION = YES;
				GCC_WARN_ABOUT_RETURN_TYPE = YES_ERROR;
				GCC_WARN_UNDECLARED_SELECTOR = YES;
				GCC_WARN_UNINITIALIZED_AUTOS = YES_AGGRESSIVE;
				GCC_WARN_UNUSED_FUNCTION = YES;
				GCC_WARN_UNUSED_VARIABLE = YES;
				IPHONEOS_DEPLOYMENT_TARGET = 9.2;
				MTL_ENABLE_DEBUG_INFO = NO;
				SDKROOT = iphoneos;
				TARGETED_DEVICE_FAMILY = "1,2";
				VALIDATE_PRODUCT = YES;
			};
			name = Release;
		};
		D750EFB91C9BF25D0097441A /* Debug */ = {
			isa = XCBuildConfiguration;
			buildSettings = {
				ASSETCATALOG_COMPILER_APPICON_NAME = AppIcon;
				INFOPLIST_FILE = SwiftTemplateProject/Info.plist;
				LD_RUNPATH_SEARCH_PATHS = "$(inherited) @executable_path/Frameworks";
				PRODUCT_BUNDLE_IDENTIFIER = it.alper.SwiftTemplateProject;
				PRODUCT_NAME = "$(TARGET_NAME)";
			};
			name = Debug;
		};
		D750EFBA1C9BF25D0097441A /* Release */ = {
			isa = XCBuildConfiguration;
			buildSettings = {
				ASSETCATALOG_COMPILER_APPICON_NAME = AppIcon;
				INFOPLIST_FILE = SwiftTemplateProject/Info.plist;
				LD_RUNPATH_SEARCH_PATHS = "$(inherited) @executable_path/Frameworks";
				PRODUCT_BUNDLE_IDENTIFIER = it.alper.SwiftTemplateProject;
				PRODUCT_NAME = "$(TARGET_NAME)";
			};
			name = Release;
		};
/* End XCBuildConfiguration section */

/* Begin XCConfigurationList section */
		D750EFA11C9BF25C0097441A /* Build configuration list for PBXProject "SwiftTemplateProject" */ = {
			isa = XCConfigurationList;
			buildConfigurations = (
				D750EFB61C9BF25D0097441A /* Debug */,
				D750EFB71C9BF25D0097441A /* Release */,
			);
			defaultConfigurationIsVisible = 0;
			defaultConfigurationName = Release;
		};
		D750EFB81C9BF25D0097441A /* Build configuration list for PBXNativeTarget "SwiftTemplateProject" */ = {
			isa = XCConfigurationList;
			buildConfigurations = (
				D750EFB91C9BF25D0097441A /* Debug */,
				D750EFBA1C9BF25D0097441A /* Release */,
			);
			defaultConfigurationIsVisible = 0;
		};
/* End XCConfigurationList section */
	};
	rootObject = D750EF9E1C9BF25C0097441A /* Project object */;
}
